<Solution>
  <Folder Name="/FaceBookLeadGeneration/">
    <Project Path="../../FacebookLeadGeneration/FacebookLeadGeneration.API/FacebookLeadGeneration.API.csproj" />
    <Project Path="../../FacebookLeadGeneration/FacebookLeadGeneration.Application/FacebookLeadGeneration.Application.csproj" />
    <Project Path="../../FacebookLeadGeneration/FacebookLeadGeneration.Domain/FacebookLeadGeneration.Domain.csproj" />
    <Project Path="../../FacebookLeadGeneration/FacebookLeadGeneration.Infrastructure/FacebookLeadGeneration.Infrastructure.csproj" />
  </Folder>
</Solution>
